
Microsoft Visual Studio Solution File, Format Version 12.00
# Visual Studio 2012
Project("{E24C65DC-7377-472B-9ABA-BC803B73C61A}") = "WeddingSite", ".", "{D67FFEA3-6ADB-4445-94FA-7413B5D6D3D4}"
	ProjectSection(WebsiteProperties) = preProject
		TargetFrameworkMoniker = ".NETFramework,Version%3Dv4.0"
		Debug.AspNetCompiler.VirtualPath = "/WeddingSite"
		Debug.AspNetCompiler.PhysicalPath = "..\..\..\..\..\..\Development\WeddingSite\"
		Debug.AspNetCompiler.TargetPath = "PrecompiledWeb\WeddingSite\"
		Debug.AspNetCompiler.Updateable = "true"
		Debug.AspNetCompiler.ForceOverwrite = "true"
		Debug.AspNetCompiler.FixedNames = "false"
		Debug.AspNetCompiler.Debug = "True"
		Release.AspNetCompiler.VirtualPath = "/WeddingSite"
		Release.AspNetCompiler.PhysicalPath = "..\..\..\..\..\..\Development\WeddingSite\"
		Release.AspNetCompiler.TargetPath = "PrecompiledWeb\WeddingSite\"
		Release.AspNetCompiler.Updateable = "true"
		Release.AspNetCompiler.ForceOverwrite = "true"
		Release.AspNetCompiler.FixedNames = "false"
		Release.AspNetCompiler.Debug = "False"
		VWDPort = "63722"
	EndProjectSection
EndProject
Global
	GlobalSection(SolutionConfigurationPlatforms) = preSolution
		Debug|Any CPU = Debug|Any CPU
	EndGlobalSection
	GlobalSection(ProjectConfigurationPlatforms) = postSolution
		{D67FFEA3-6ADB-4445-94FA-7413B5D6D3D4}.Debug|Any CPU.ActiveCfg = Debug|Any CPU
		{D67FFEA3-6ADB-4445-94FA-7413B5D6D3D4}.Debug|Any CPU.Build.0 = Debug|Any CPU
	EndGlobalSection
	GlobalSection(SolutionProperties) = preSolution
		HideSolutionNode = FALSE
	EndGlobalSection
EndGlobal
